{
  "name": "Zoo-Management",
  "lockfileVersion": 3,
  "requires": true,
  "packages": {
    "": {
      "dependencies": {
        "fnon": "^1.1.10"
      }
    },
    "node_modules/fnon": {
      "version": "1.1.10",
      "resolved": "https://registry.npmjs.org/fnon/-/fnon-1.1.10.tgz",
      "integrity": "sha512-JSojbAKQIkXWyQUcwpAhb4wv+U4JbevDYMkOJpmjHkQjXP/TcJmzn8iECA0DjDUSaITjT3GZ8mMBRPw7W+pJLw=="
    }
  }
}
